
Microsoft Visual Studio Solution File, Format Version 12.00
# Visual Studio Version 17
VisualStudioVersion = 17.8.34525.116
MinimumVisualStudioVersion = 10.0.40219.1
Project("{FAE04EC0-301F-11D3-BF4B-00C04F79EFBC}") = "Final1", "Final1\Final1.csproj", "{04613BF6-5BC0-4CBB-BF05-77F25CDEA27D}"
EndProject
Global
	GlobalSection(SolutionConfigurationPlatforms) = preSolution
		Debug|Any CPU = Debug|Any CPU
		Release|Any CPU = Release|Any CPU
	EndGlobalSection
	GlobalSection(ProjectConfigurationPlatforms) = postSolution
		{04613BF6-5BC0-4CBB-BF05-77F25CDEA27D}.Debug|Any CPU.ActiveCfg = Debug|Any CPU
		{04613BF6-5BC0-4CBB-BF05-77F25CDEA27D}.Debug|Any CPU.Build.0 = Debug|Any CPU
		{04613BF6-5BC0-4CBB-BF05-77F25CDEA27D}.Release|Any CPU.ActiveCfg = Release|Any CPU
		{04613BF6-5BC0-4CBB-BF05-77F25CDEA27D}.Release|Any CPU.Build.0 = Release|Any CPU
	EndGlobalSection
	GlobalSection(SolutionProperties) = preSolution
		HideSolutionNode = FALSE
	EndGlobalSection
	GlobalSection(ExtensibilityGlobals) = postSolution
		SolutionGuid = {B3AF3827-FD6B-41AD-AB56-A93F094E8930}
	EndGlobalSection
EndGlobal
